<?xml version="1.0" encoding="utf-8"?>
<Project ToolsVersion="4.0" xmlns="http://schemas.microsoft.com/developer/msbuild/2003">
  <ItemGroup>
    <Filter Include="Файлы исходного кода">
      <UniqueIdentifier>{4FC737F1-C7A5-4376-A066-2A32D752A2FF}</UniqueIdentifier>
      <Extensions>cpp;c;cc;cxx;def;odl;idl;hpj;bat;asm;asmx</Extensions>
    </Filter>
    <Filter Include="Заголовочные файлы">
      <UniqueIdentifier>{93995380-89BD-4b04-88EB-625FBE52EBFB}</UniqueIdentifier>
      <Extensions>h;hpp;hxx;hm;inl;inc;xsd</Extensions>
    </Filter>
    <Filter Include="Файлы ресурсов">
      <UniqueIdentifier>{67DA6AB6-F800-4c08-8B7A-83BB121AAD01}</UniqueIdentifier>
      <Extensions>rc;ico;cur;bmp;dlg;rc2;rct;bin;rgs;gif;jpg;jpeg;jpe;resx;tiff;tif;png;wav;mfcribbon-ms</Extensions>
    </Filter>
    <Filter Include="Файлы справки HTML">
      <UniqueIdentifier>{da157140-7974-4ec5-938f-cb80455766d2}</UniqueIdentifier>
      <Extensions>hhp;hhc;hhk;gif;jpg</Extensions>
    </Filter>
    <Filter Include="Разделы справки HTML">
      <UniqueIdentifier>{3e29a475-0c28-4fa8-aee5-ffa013c2f7b7}</UniqueIdentifier>
      <Extensions>htm;html</Extensions>
    </Filter>
  </ItemGroup>
  <ItemGroup>
    <None Include="ReadMe.txt" />
    <None Include="res\Semantics.rc2">
      <Filter>Файлы ресурсов</Filter>
    </None>
    <None Include="res\Semantics.ico">
      <Filter>Файлы ресурсов</Filter>
    </None>
    <None Include="hlp\Semantics.hhk">
      <Filter>Файлы справки HTML</Filter>
    </None>
    <None Include="hlp\HIDD_ROOT_DIALOG.htm">
      <Filter>Разделы справки HTML</Filter>
    </None>
    <None Include="hlp\Semantics.hhc">
      <Filter>Файлы справки HTML</Filter>
    </None>
    <None Include="quantor1.bmp">
      <Filter>Файлы ресурсов</Filter>
    </None>
    <None Include="quantor2.bmp">
      <Filter>Файлы ресурсов</Filter>
    </None>
  </ItemGroup>
  <ItemGroup>
    <ClInclude Include="Semantics.h">
      <Filter>Заголовочные файлы</Filter>
    </ClInclude>
    <ClInclude Include="SemanticsDlg.h">
      <Filter>Заголовочные файлы</Filter>
    </ClInclude>
    <ClInclude Include="stdafx.h">
      <Filter>Заголовочные файлы</Filter>
    </ClInclude>
    <ClInclude Include="targetver.h">
      <Filter>Заголовочные файлы</Filter>
    </ClInclude>
    <ClInclude Include="Formula.h">
      <Filter>Заголовочные файлы</Filter>
    </ClInclude>
    <ClInclude Include="common_functions.h">
      <Filter>Заголовочные файлы</Filter>
    </ClInclude>
    <ClInclude Include="SummaryDialog.h">
      <Filter>Заголовочные файлы</Filter>
    </ClInclude>
    <ClInclude Include="MsgHook.h">
      <Filter>Заголовочные файлы</Filter>
    </ClInclude>
    <ClInclude Include="AtomFormulaDialog.h">
      <Filter>Заголовочные файлы</Filter>
    </ClInclude>
    <ClInclude Include="ScientificStatic.h">
      <Filter>Заголовочные файлы</Filter>
    </ClInclude>
    <ClInclude Include="ScientificButton.h">
      <Filter>Заголовочные файлы</Filter>
    </ClInclude>
    <ClInclude Include="MathListCtrlEx.h">
      <Filter>Заголовочные файлы</Filter>
    </ClInclude>
    <ClInclude Include="OperationDlg.h">
      <Filter>Заголовочные файлы</Filter>
    </ClInclude>
    <ClInclude Include="ScientificListBox.h">
      <Filter>Заголовочные файлы</Filter>
    </ClInclude>
    <ClInclude Include="VUELink.h">
      <Filter>Заголовочные файлы</Filter>
    </ClInclude>
    <ClInclude Include="SetDialog.h">
      <Filter>Заголовочные файлы</Filter>
    </ClInclude>
    <ClInclude Include="XMLArchive.h">
      <Filter>Заголовочные файлы</Filter>
    </ClInclude>
    <ClInclude Include="Item.h">
      <Filter>Заголовочные файлы</Filter>
    </ClInclude>
    <ClInclude Include="VUENode.h">
      <Filter>Заголовочные файлы</Filter>
    </ClInclude>
    <ClInclude Include="SemanticString.h">
      <Filter>Заголовочные файлы</Filter>
    </ClInclude>
    <ClInclude Include="Operation.h">
      <Filter>Заголовочные файлы</Filter>
    </ClInclude>
    <ClInclude Include="MyEdit.h">
      <Filter>Заголовочные файлы</Filter>
    </ClInclude>
    <ClInclude Include="FromSetDialog.h">
      <Filter>Заголовочные файлы</Filter>
    </ClInclude>
    <ClInclude Include="TupleDlg.h">
      <Filter>Заголовочные файлы</Filter>
    </ClInclude>
    <ClInclude Include="ReplaceVariableDialog.h">
      <Filter>Заголовочные файлы</Filter>
    </ClInclude>
    <ClInclude Include="CHelpDialog.h">
      <Filter>Заголовочные файлы</Filter>
    </ClInclude>
  </ItemGroup>
  <ItemGroup>
    <ClCompile Include="Semantics.cpp">
      <Filter>Файлы исходного кода</Filter>
    </ClCompile>
    <ClCompile Include="SemanticsDlg.cpp">
      <Filter>Файлы исходного кода</Filter>
    </ClCompile>
    <ClCompile Include="stdafx.cpp">
      <Filter>Файлы исходного кода</Filter>
    </ClCompile>
    <ClCompile Include="Formula.cpp">
      <Filter>Файлы исходного кода</Filter>
    </ClCompile>
    <ClCompile Include="common_functions.cpp">
      <Filter>Файлы исходного кода</Filter>
    </ClCompile>
    <ClCompile Include="SummaryDialog.cpp">
      <Filter>Файлы исходного кода</Filter>
    </ClCompile>
    <ClCompile Include="MsgHook.cpp">
      <Filter>Файлы исходного кода</Filter>
    </ClCompile>
    <ClCompile Include="AtomFormulaDialog.cpp">
      <Filter>Файлы исходного кода</Filter>
    </ClCompile>
    <ClCompile Include="ScientificStatic.cpp">
      <Filter>Файлы исходного кода</Filter>
    </ClCompile>
    <ClCompile Include="ScientificButton.cpp">
      <Filter>Файлы исходного кода</Filter>
    </ClCompile>
    <ClCompile Include="MathListCtrlEx.cpp">
      <Filter>Файлы исходного кода</Filter>
    </ClCompile>
    <ClCompile Include="OperationDlg.cpp">
      <Filter>Файлы исходного кода</Filter>
    </ClCompile>
    <ClCompile Include="ScientificListBox.cpp">
      <Filter>Файлы исходного кода</Filter>
    </ClCompile>
    <ClCompile Include="VUELink.cpp">
      <Filter>Файлы исходного кода</Filter>
    </ClCompile>
    <ClCompile Include="SetDialog.cpp">
      <Filter>Файлы исходного кода</Filter>
    </ClCompile>
    <ClCompile Include="XMLArchive.cpp">
      <Filter>Файлы исходного кода</Filter>
    </ClCompile>
    <ClCompile Include="Item.cpp">
      <Filter>Файлы исходного кода</Filter>
    </ClCompile>
    <ClCompile Include="VUENode.cpp">
      <Filter>Файлы исходного кода</Filter>
    </ClCompile>
    <ClCompile Include="SemanticString.cpp">
      <Filter>Файлы исходного кода</Filter>
    </ClCompile>
    <ClCompile Include="Operation.cpp">
      <Filter>Файлы исходного кода</Filter>
    </ClCompile>
    <ClCompile Include="MyEdit.cpp">
      <Filter>Файлы исходного кода</Filter>
    </ClCompile>
    <ClCompile Include="FromSetDialog.cpp">
      <Filter>Файлы исходного кода</Filter>
    </ClCompile>
    <ClCompile Include="TupleDlg.cpp">
      <Filter>Файлы исходного кода</Filter>
    </ClCompile>
    <ClCompile Include="ReplaceVariableDialog.cpp">
      <Filter>Файлы исходного кода</Filter>
    </ClCompile>
    <ClCompile Include="CHelpDialog.cpp">
      <Filter>Файлы исходного кода</Filter>
    </ClCompile>
  </ItemGroup>
  <ItemGroup>
    <ResourceCompile Include="Semantics.rc">
      <Filter>Файлы ресурсов</Filter>
    </ResourceCompile>
  </ItemGroup>
  <ItemGroup>
    <CustomBuild Include="hlp\Semantics.hhp">
      <Filter>Файлы справки HTML</Filter>
    </CustomBuild>
    <CustomBuild Include="Resource.h">
      <Filter>Заголовочные файлы</Filter>
    </CustomBuild>
  </ItemGroup>
  <ItemGroup>
    <Image Include="..\LogoCircle.png">
      <Filter>Файлы ресурсов</Filter>
    </Image>
    <Image Include="..\LogoCircle.ico">
      <Filter>Файлы ресурсов</Filter>
    </Image>
    <Image Include="res\LogoCircle.ico">
      <Filter>Файлы ресурсов</Filter>
    </Image>
  </ItemGroup>
</Project>